{
  "originHash" : "5384401c5d30c9cd43a8ed92a82c2fbcbbebf38530f19f5b2e79d575eaa2e606",
  "pins" : [
    {
      "identity" : "arunderstanding",
      "kind" : "remoteSourceControl",
      "location" : "https://github.com/johnhaney/ARUnderstanding",
      "state" : {
        "revision" : "f6dd3b32a183e0666b27c09c64d9c20075713da2",
        "version" : "26.0.1"
      }
    },
    {
      "identity" : "swift-argument-parser",
      "kind" : "remoteSourceControl",
      "location" : "https://github.com/apple/swift-argument-parser",
      "state" : {
        "revision" : "852f74ca63a9fb9903d311ffc5379d42dd52ed5f",
        "version" : "1.6.0"
      }
    }
  ],
  "version" : 3
}
